Microsoft Visual Studio Solution File, Format Version 12.00
# Visual Studio Version 17
VisualStudioVersion = 17.13.35507.96 d17.13
MinimumVisualStudioVersion = 10.0.40219.1
Project("{FAE04EC0-301F-11D3-BF4B-00C04F79EFBC}") = "AspireTestApp.AppHost", "AspireTestApp.AppHost\AspireTestApp.AppHost.csproj", "{FF33CDB3-4BE2-492D-8094-A3F711EA782A}"
EndProject
Project("{FAE04EC0-301F-11D3-BF4B-00C04F79EFBC}") = "AspireTestApp.ServiceDefaults", "AspireTestApp.ServiceDefaults\AspireTestApp.ServiceDefaults.csproj", "{F4053A69-8748-10C0-DBF7-6A42CFD97A26}"
EndProject
Project("{FAE04EC0-301F-11D3-BF4B-00C04F79EFBC}") = "AspireTestApp.ApiService", "AspireTestApp.ApiService\AspireTestApp.ApiService.csproj", "{E73E9D97-FE95-3A1E-357B-66846B89CA5B}"
EndProject
Project("{FAE04EC0-301F-11D3-BF4B-00C04F79EFBC}") = "AspireTestApp.Web", "AspireTestApp.Web\AspireTestApp.Web.csproj", "{DE69AE84-0FE1-2DD5-D759-6A5659B7C8D0}"
EndProject
Global
	GlobalSection(SolutionConfigurationPlatforms) = preSolution
		Debug|Any CPU = Debug|Any CPU
		Release|Any CPU = Release|Any CPU
	EndGlobalSection
	GlobalSection(ProjectConfigurationPlatforms) = postSolution
		{FF33CDB3-4BE2-492D-8094-A3F711EA782A}.Debug|Any CPU.ActiveCfg = Debug|Any CPU
		{FF33CDB3-4BE2-492D-8094-A3F711EA782A}.Debug|Any CPU.Build.0 = Debug|Any CPU
		{FF33CDB3-4BE2-492D-8094-A3F711EA782A}.Release|Any CPU.ActiveCfg = Release|Any CPU
		{FF33CDB3-4BE2-492D-8094-A3F711EA782A}.Release|Any CPU.Build.0 = Release|Any CPU
		{F4053A69-8748-10C0-DBF7-6A42CFD97A26}.Debug|Any CPU.ActiveCfg = Debug|Any CPU
		{F4053A69-8748-10C0-DBF7-6A42CFD97A26}.Debug|Any CPU.Build.0 = Debug|Any CPU
		{F4053A69-8748-10C0-DBF7-6A42CFD97A26}.Release|Any CPU.ActiveCfg = Release|Any CPU
		{F4053A69-8748-10C0-DBF7-6A42CFD97A26}.Release|Any CPU.Build.0 = Release|Any CPU
		{E73E9D97-FE95-3A1E-357B-66846B89CA5B}.Debug|Any CPU.ActiveCfg = Debug|Any CPU
		{E73E9D97-FE95-3A1E-357B-66846B89CA5B}.Debug|Any CPU.Build.0 = Debug|Any CPU
		{E73E9D97-FE95-3A1E-357B-66846B89CA5B}.Release|Any CPU.ActiveCfg = Release|Any CPU
		{E73E9D97-FE95-3A1E-357B-66846B89CA5B}.Release|Any CPU.Build.0 = Release|Any CPU
		{DE69AE84-0FE1-2DD5-D759-6A5659B7C8D0}.Debug|Any CPU.ActiveCfg = Debug|Any CPU
		{DE69AE84-0FE1-2DD5-D759-6A5659B7C8D0}.Debug|Any CPU.Build.0 = Debug|Any CPU
		{DE69AE84-0FE1-2DD5-D759-6A5659B7C8D0}.Release|Any CPU.ActiveCfg = Release|Any CPU
		{DE69AE84-0FE1-2DD5-D759-6A5659B7C8D0}.Release|Any CPU.Build.0 = Release|Any CPU
	EndGlobalSection
	GlobalSection(SolutionProperties) = preSolution
		HideSolutionNode = FALSE
	EndGlobalSection
	GlobalSection(ExtensibilityGlobals) = postSolution
		SolutionGuid = {B9772ADA-FBDF-4699-827D-59EE61A1920A}
	EndGlobalSection
EndGlobal
